{
    "_meta": {
        "hash": {
            "sha256": "6957e3cc903417cd423800e2bf04ef5aa6d6f4ab0ab7ad05ed3d5f90fafde23a"
        },
        "pipfile-spec": 6,
        "requires": {
            "python_version": "3.7"
        },
        "sources": [
            {
                "name": "pypi",
                "url": "https://pypi.org/simple",
                "verify_ssl": true
            }
        ]
    },
    "default": {
        "boto3": {
            "hashes": [
                "sha256:8352dffe768af9e1471323c8e443cc66a114891572bf832bec3cc2eec47838f6",
                "sha256:ee82c1a97de02bd4e295b8cad440093d57869892ee5b8941a851758c45944cd5"
            ],
            "version": "==1.17.85"
        },
        "botocore": {
            "hashes": [
                "sha256:7f54fa67b45cf767e1e4045741674cfdc47a3f424fe6f37570ae3ff1ca1e1e2a",
                "sha256:d8992096d9c04e7be331924a59677e591cce6a3c6bd3a4c8fe26b00700d5255a"
            ],
            "version": "==1.20.85"
        },
        "future": {
            "hashes": [
                "sha256:b1bead90b70cf6ec3f0710ae53a525360fa360d306a86583adc6bf83a4db537d"
            ],
            "version": "==0.18.2"
        },
        "jmespath": {
            "hashes": [
                "sha256:b85d0567b8666149a93172712e68920734333c0ce7e89b78b3e987f71e5ed4f9",
                "sha256:cdf6525904cc597730141d61b36f2e4b8ecc257c420fa2f4549bac2c2d0cb72f"
            ],
            "version": "==0.10.0"
        },
        "jpype1": {
            "hashes": [
                "sha256:057e84c7e4aac4ee36b6d5117a23eb9f8741d25dd9051075c8beef995bc76a3d",
                "sha256:11c76ba44647861d518ece04e452ea0a2ba523f4e13732d4d8bb4595e33b906c",
                "sha256:13225978f29ba133627b34fac76829a0af7cb734bcf61fe2660a7f1284adb962",
                "sha256:16fcb2bcdf58868356c9a11ce793d301ff994df89af76331aa7c11837cc59ee9",
                "sha256:1fcc25bcbd57d2ee73c6d888183f576f29cd38707216100e023f23e482804515",
                "sha256:36a33b3bbece6fdfac5eefba212067b8579bc250fbf3679ba1be954b50ff1322",
                "sha256:383d6ad4b58c8b7afcf70075af0321a82c686fa8faa792fc6e954494d869a054",
                "sha256:3d30c860f84b1b7b36b361bce93e897b80c85a080a39bb86901010be50a61556",
                "sha256:3f2c954abd89da855b7774bd9ad0fb9e2ef94f772cc25d0fac6fc8d91a3bf6dd",
                "sha256:456d1d5940336c4872388069fe3455d1127ac529f83f1470a8801f7b470cd1b2",
                "sha256:4f1bfbe2464572f61cd23859f070c953c991753829d49a3c2436a630b7a95747",
                "sha256:592140f1bd00202f6c5a5508b2fb3c7671bd00aaa56b246a31dd317972d85e1a",
                "sha256:5c0db380523bb33613266e20bf022c7796d3c664823bc049ec94f3da009c0b0f",
                "sha256:65475399c3a115f565907f35b2694b3d3a1e9ad83e77c9142f7b2e46fbb24475",
                "sha256:8130c704cece728fa590443ae8fb33cdfb6ac5ab4d9acb5d132d7b2ab4e92461",
                "sha256:8a6a4dc63f967b22876424ad9b80f6ab87488da27918ce6fc2cf5e0016eb0218",
                "sha256:910e006d840474376edef891bc5c4f5ceb26f8d00066e4fca49ad1cc9bb0deb5",
                "sha256:96cd4c5dcfe8e5fb746f1cc8cd0abcff12f6f443b626372493374d609a7c24cd",
                "sha256:9bf99f62559b4016038c08ffc97f024d07381c98e268d797c8219e976ad5851b",
                "sha256:b411a387d25481648694ab78af26b161b2a731ce0e540787f0a0db35948ae30d",
                "sha256:d217402b59f83acc9a09014073ced70f1bf5e2073fbf40ecb1dfeea86d68b433",
                "sha256:da0daad69e4676c166e953161fba70e2b5a3184fc4d5f9df47aa9b2ca1dc4fdc",
                "sha256:e673f45b3099b5f96a2f6e1ae0fbcd801bbed605418f4112d8cbd9ea4dfaae7f",
                "sha256:ead6858694122110f9dccc6e4d9d54780e2f80814bf98431f937b811485fd5e6",
                "sha256:f210646127d24be73cfc6d807e2cda1c6b2ab39b7a293008e8b46367af6f2204",
                "sha256:f2f395d0d60852a0b39ce91d8a0d51c2fc5d199e800762a748e09ffbcbf5e0e5",
                "sha256:fa4fc54d6ad6a5714b7c0e441f869933db95c0a3dc66b5869b48c93660992917",
                "sha256:fcae8ca7ce9ca24f9253964ff3dbd6c66d18d74d84dd2fb67ce529a07b4fd515",
                "sha256:fe4b09f36b15a4030ef8045b9f3f6882b1546dfb379da8351a82c0969acf8bde"
            ],
            "version": "==1.2.1"
        },
        "numpy": {
            "hashes": [
                "sha256:1676b0a292dd3c99e49305a16d7a9f42a4ab60ec522eac0d3dd20cdf362ac010",
                "sha256:16f221035e8bd19b9dc9a57159e38d2dd060b48e93e1d843c49cb370b0f415fd",
                "sha256:43909c8bb289c382170e0282158a38cf306a8ad2ff6dfadc447e90f9961bef43",
                "sha256:4e465afc3b96dbc80cf4a5273e5e2b1e3451286361b4af70ce1adb2984d392f9",
                "sha256:55b745fca0a5ab738647d0e4db099bd0a23279c32b31a783ad2ccea729e632df",
                "sha256:5d050e1e4bc9ddb8656d7b4f414557720ddcca23a5b88dd7cff65e847864c400",
                "sha256:637d827248f447e63585ca3f4a7d2dfaa882e094df6cfa177cc9cf9cd6cdf6d2",
                "sha256:6690080810f77485667bfbff4f69d717c3be25e5b11bb2073e76bb3f578d99b4",
                "sha256:66fbc6fed94a13b9801fb70b96ff30605ab0a123e775a5e7a26938b717c5d71a",
                "sha256:67d44acb72c31a97a3d5d33d103ab06d8ac20770e1c5ad81bdb3f0c086a56cf6",
                "sha256:6ca2b85a5997dabc38301a22ee43c82adcb53ff660b89ee88dded6b33687e1d8",
                "sha256:6e51534e78d14b4a009a062641f465cfaba4fdcb046c3ac0b1f61dd97c861b1b",
                "sha256:70eb5808127284c4e5c9e836208e09d685a7978b6a216db85960b1a112eeace8",
                "sha256:830b044f4e64a76ba71448fce6e604c0fc47a0e54d8f6467be23749ac2cbd2fb",
                "sha256:8b7bb4b9280da3b2856cb1fc425932f46fba609819ee1c62256f61799e6a51d2",
                "sha256:a9c65473ebc342715cb2d7926ff1e202c26376c0dcaaee85a1fd4b8d8c1d3b2f",
                "sha256:c1c09247ccea742525bdb5f4b5ceeacb34f95731647fe55774aa36557dbb5fa4",
                "sha256:c5bf0e132acf7557fc9bb8ded8b53bbbbea8892f3c9a1738205878ca9434206a",
                "sha256:db250fd3e90117e0312b611574cd1b3f78bec046783195075cbd7ba9c3d73f16",
                "sha256:e515c9a93aebe27166ec9593411c58494fa98e5fcc219e47260d9ab8a1cc7f9f",
                "sha256:e55185e51b18d788e49fe8305fd73ef4470596b33fc2c1ceb304566b99c71a69",
                "sha256:ea9cff01e75a956dbee133fa8e5b68f2f92175233de2f88de3a682dd94deda65",
                "sha256:f1452578d0516283c87608a5a5548b0cdde15b99650efdfd85182102ef7a7c17",
                "sha256:f39a995e47cb8649673cfa0579fbdd1cdd33ea497d1728a6cb194d6252268e48"
            ],
            "version": "==1.20.3"
        },
        "pandas": {
            "hashes": [
                "sha256:167693a80abc8eb28051fbd184c1b7afd13ce2c727a5af47b048f1ea3afefff4",
                "sha256:2111c25e69fa9365ba80bbf4f959400054b2771ac5d041ed19415a8b488dc70a",
                "sha256:298f0553fd3ba8e002c4070a723a59cdb28eda579f3e243bc2ee397773f5398b",
                "sha256:2b063d41803b6a19703b845609c0b700913593de067b552a8b24dd8eeb8c9895",
                "sha256:2cb7e8f4f152f27dc93f30b5c7a98f6c748601ea65da359af734dd0cf3fa733f",
                "sha256:52d2472acbb8a56819a87aafdb8b5b6d2b3386e15c95bde56b281882529a7ded",
                "sha256:612add929bf3ba9d27b436cc8853f5acc337242d6b584203f207e364bb46cb12",
                "sha256:649ecab692fade3cbfcf967ff936496b0cfba0af00a55dfaacd82bdda5cb2279",
                "sha256:68d7baa80c74aaacbed597265ca2308f017859123231542ff8a5266d489e1858",
                "sha256:8d4c74177c26aadcfb4fd1de6c1c43c2bf822b3e0fc7a9b409eeaf84b3e92aaa",
                "sha256:971e2a414fce20cc5331fe791153513d076814d30a60cd7348466943e6e909e4",
                "sha256:9db70ffa8b280bb4de83f9739d514cd0735825e79eef3a61d312420b9f16b758",
                "sha256:b730add5267f873b3383c18cac4df2527ac4f0f0eed1c6cf37fcb437e25cf558",
                "sha256:bd659c11a4578af740782288cac141a322057a2e36920016e0fc7b25c5a4b686",
                "sha256:c601c6fdebc729df4438ec1f62275d6136a0dd14d332fc0e8ce3f7d2aadb4dd6",
                "sha256:d0877407359811f7b853b548a614aacd7dea83b0c0c84620a9a643f180060950"
            ],
            "version": "==1.2.4"
        },
        "pyathena": {
            "extras": [
                "pandas"
            ],
            "hashes": [
                "sha256:47f642bdcf9009a43bdc0b2d32e85ed4b7dcecbddf1d2de34f116c03ef37c309",
                "sha256:a3472210cc94056e34125fdb59e44511892c7bc128b249a7c4e66c684a46d713"
            ],
            "index": "pypi",
            "version": "==1.7.1"
        },
        "pyathenajdbc": {
            "hashes": [
                "sha256:40dd9f71b00c2fe5c0e33b569e6a8cbb7f04dfaff87a101ff92548d57cfd15d9",
                "sha256:9404803f22fed8bce18a6171242140511ae7eb5fa716b7ca84bdf8bd4f04b3c5"
            ],
            "index": "pypi",
            "version": "==2.0.5"
        },
        "python-dateutil": {
            "hashes": [
                "sha256:73ebfe9dbf22e832286dafa60473e4cd239f8592f699aa5adaf10050e6e1823c",
                "sha256:75bb3f31ea686f1197762692a9ee6a7550b59fc6ca3a1f4b5d7e32fb98e2da2a"
            ],
            "version": "==2.8.1"
        },
        "pytz": {
            "hashes": [
                "sha256:83a4a90894bf38e243cf052c8b58f381bfe9a7a483f6a9cab140bc7f702ac4da",
                "sha256:eb10ce3e7736052ed3623d49975ce333bcd712c7bb19a58b9e2089d4057d0798"
            ],
            "version": "==2021.1"
        },
        "s3transfer": {
            "hashes": [
                "sha256:9b3752887a2880690ce628bc263d6d13a3864083aeacff4890c1c9839a5eb0bc",
                "sha256:cb022f4b16551edebbb31a377d3f09600dbada7363d8c5db7976e7f47732e1b2"
            ],
            "version": "==0.4.2"
        },
        "six": {
            "hashes": [
                "sha256:1e61c37477a1626458e36f7b1d82aa5c9b094fa4802892072e49de9c60c4c926",
                "sha256:8abb2f1d86890a2dfb989f9a77cfcfd3e47c2a354b01111771326f8aa26e0254"
            ],
            "version": "==1.16.0"
        },
        "tenacity": {
            "hashes": [
                "sha256:5bd16ef5d3b985647fe28dfa6f695d343aa26479a04e8792b9d3c8f49e361ae1",
                "sha256:a0ce48587271515db7d3a5e700df9ae69cce98c4b57c23a4886da15243603dd8"
            ],
            "version": "==7.0.0"
        },
        "typing-extensions": {
            "hashes": [
                "sha256:0ac0f89795dd19de6b97debb0c6af1c70987fd80a2d62d1958f7e56fcc31b497",
                "sha256:50b6f157849174217d0656f99dc82fe932884fb250826c18350e159ec6cdf342",
                "sha256:779383f6086d90c99ae41cf0ff39aac8a7937a9283ce0a414e5dd782f4c94a84"
            ],
            "markers": "python_version < '3.8'",
            "version": "==3.10.0.0"
        },
        "urllib3": {
            "hashes": [
                "sha256:753a0374df26658f99d826cfe40394a686d05985786d946fbe4165b5148f5a7c",
                "sha256:a7acd0977125325f516bda9735fa7142b909a8d01e8b2e4c8108d0984e6e0098"
            ],
            "index": "pypi",
            "version": "==1.26.5"
        }
    },
    "develop": {}
}
