{
    "_meta": {
        "hash": {
            "sha256": "6957e3cc903417cd423800e2bf04ef5aa6d6f4ab0ab7ad05ed3d5f90fafde23a"
        },
        "pipfile-spec": 6,
        "requires": {
            "python_version": "3.7"
        },
        "sources": [
            {
                "name": "pypi",
                "url": "https://pypi.org/simple",
                "verify_ssl": true
            }
        ]
    },
    "default": {
        "boto3": {
            "hashes": [
                "sha256:d856a71d74351649ca8dd59ad17c8c3e79ea57734ff4a38a97611e1e10b06863",
                "sha256:da1b2c884dbf56cc3ece07940a7b654f41a93b9fc40ee1ed21a76da25a05989c"
            ],
            "version": "==1.17.62"
        },
        "botocore": {
            "hashes": [
                "sha256:e4f8cb923edf035c2ae5f6169c70e77e31df70b88919b92b826a6b9bd14511b1",
                "sha256:f7c2c5c5ed5212b2628d8fb1c587b31c6e8d413ecbbd1a1cdf6f96ed6f5c8d5e"
            ],
            "version": "==1.20.62"
        },
        "future": {
            "hashes": [
                "sha256:b1bead90b70cf6ec3f0710ae53a525360fa360d306a86583adc6bf83a4db537d"
            ],
            "version": "==0.18.2"
        },
        "jmespath": {
            "hashes": [
                "sha256:b85d0567b8666149a93172712e68920734333c0ce7e89b78b3e987f71e5ed4f9",
                "sha256:cdf6525904cc597730141d61b36f2e4b8ecc257c420fa2f4549bac2c2d0cb72f"
            ],
            "version": "==0.10.0"
        },
        "jpype1": {
            "hashes": [
                "sha256:057e84c7e4aac4ee36b6d5117a23eb9f8741d25dd9051075c8beef995bc76a3d",
                "sha256:11c76ba44647861d518ece04e452ea0a2ba523f4e13732d4d8bb4595e33b906c",
                "sha256:13225978f29ba133627b34fac76829a0af7cb734bcf61fe2660a7f1284adb962",
                "sha256:16fcb2bcdf58868356c9a11ce793d301ff994df89af76331aa7c11837cc59ee9",
                "sha256:1fcc25bcbd57d2ee73c6d888183f576f29cd38707216100e023f23e482804515",
                "sha256:36a33b3bbece6fdfac5eefba212067b8579bc250fbf3679ba1be954b50ff1322",
                "sha256:383d6ad4b58c8b7afcf70075af0321a82c686fa8faa792fc6e954494d869a054",
                "sha256:3d30c860f84b1b7b36b361bce93e897b80c85a080a39bb86901010be50a61556",
                "sha256:3f2c954abd89da855b7774bd9ad0fb9e2ef94f772cc25d0fac6fc8d91a3bf6dd",
                "sha256:456d1d5940336c4872388069fe3455d1127ac529f83f1470a8801f7b470cd1b2",
                "sha256:4f1bfbe2464572f61cd23859f070c953c991753829d49a3c2436a630b7a95747",
                "sha256:592140f1bd00202f6c5a5508b2fb3c7671bd00aaa56b246a31dd317972d85e1a",
                "sha256:5c0db380523bb33613266e20bf022c7796d3c664823bc049ec94f3da009c0b0f",
                "sha256:65475399c3a115f565907f35b2694b3d3a1e9ad83e77c9142f7b2e46fbb24475",
                "sha256:8130c704cece728fa590443ae8fb33cdfb6ac5ab4d9acb5d132d7b2ab4e92461",
                "sha256:8a6a4dc63f967b22876424ad9b80f6ab87488da27918ce6fc2cf5e0016eb0218",
                "sha256:910e006d840474376edef891bc5c4f5ceb26f8d00066e4fca49ad1cc9bb0deb5",
                "sha256:96cd4c5dcfe8e5fb746f1cc8cd0abcff12f6f443b626372493374d609a7c24cd",
                "sha256:9bf99f62559b4016038c08ffc97f024d07381c98e268d797c8219e976ad5851b",
                "sha256:b411a387d25481648694ab78af26b161b2a731ce0e540787f0a0db35948ae30d",
                "sha256:d217402b59f83acc9a09014073ced70f1bf5e2073fbf40ecb1dfeea86d68b433",
                "sha256:da0daad69e4676c166e953161fba70e2b5a3184fc4d5f9df47aa9b2ca1dc4fdc",
                "sha256:e673f45b3099b5f96a2f6e1ae0fbcd801bbed605418f4112d8cbd9ea4dfaae7f",
                "sha256:ead6858694122110f9dccc6e4d9d54780e2f80814bf98431f937b811485fd5e6",
                "sha256:f210646127d24be73cfc6d807e2cda1c6b2ab39b7a293008e8b46367af6f2204",
                "sha256:f2f395d0d60852a0b39ce91d8a0d51c2fc5d199e800762a748e09ffbcbf5e0e5",
                "sha256:fa4fc54d6ad6a5714b7c0e441f869933db95c0a3dc66b5869b48c93660992917",
                "sha256:fcae8ca7ce9ca24f9253964ff3dbd6c66d18d74d84dd2fb67ce529a07b4fd515",
                "sha256:fe4b09f36b15a4030ef8045b9f3f6882b1546dfb379da8351a82c0969acf8bde"
            ],
            "version": "==1.2.1"
        },
        "numpy": {
            "hashes": [
                "sha256:2428b109306075d89d21135bdd6b785f132a1f5a3260c371cee1fae427e12727",
                "sha256:377751954da04d4a6950191b20539066b4e19e3b559d4695399c5e8e3e683bf6",
                "sha256:4703b9e937df83f5b6b7447ca5912b5f5f297aba45f91dbbbc63ff9278c7aa98",
                "sha256:471c0571d0895c68da309dacee4e95a0811d0a9f9f532a48dc1bea5f3b7ad2b7",
                "sha256:61d5b4cf73622e4d0c6b83408a16631b670fc045afd6540679aa35591a17fe6d",
                "sha256:6c915ee7dba1071554e70a3664a839fbc033e1d6528199d4621eeaaa5487ccd2",
                "sha256:6e51e417d9ae2e7848314994e6fc3832c9d426abce9328cf7571eefceb43e6c9",
                "sha256:719656636c48be22c23641859ff2419b27b6bdf844b36a2447cb39caceb00935",
                "sha256:780ae5284cb770ade51d4b4a7dce4faa554eb1d88a56d0e8b9f35fca9b0270ff",
                "sha256:878922bf5ad7550aa044aa9301d417e2d3ae50f0f577de92051d739ac6096cee",
                "sha256:924dc3f83de20437de95a73516f36e09918e9c9c18d5eac520062c49191025fb",
                "sha256:97ce8b8ace7d3b9288d88177e66ee75480fb79b9cf745e91ecfe65d91a856042",
                "sha256:9c0fab855ae790ca74b27e55240fe4f2a36a364a3f1ebcfd1fb5ac4088f1cec3",
                "sha256:9cab23439eb1ebfed1aaec9cd42b7dc50fc96d5cd3147da348d9161f0501ada5",
                "sha256:a8e6859913ec8eeef3dbe9aed3bf475347642d1cdd6217c30f28dee8903528e6",
                "sha256:aa046527c04688af680217fffac61eec2350ef3f3d7320c07fd33f5c6e7b4d5f",
                "sha256:abc81829c4039e7e4c30f7897938fa5d4916a09c2c7eb9b244b7a35ddc9656f4",
                "sha256:bad70051de2c50b1a6259a6df1daaafe8c480ca98132da98976d8591c412e737",
                "sha256:c73a7975d77f15f7f68dacfb2bca3d3f479f158313642e8ea9058eea06637931",
                "sha256:d15007f857d6995db15195217afdbddfcd203dfaa0ba6878a2f580eaf810ecd6",
                "sha256:d76061ae5cab49b83a8cf3feacefc2053fac672728802ac137dd8c4123397677",
                "sha256:e8e4fbbb7e7634f263c5b0150a629342cc19b47c5eba8d1cd4363ab3455ab576",
                "sha256:e9459f40244bb02b2f14f6af0cd0732791d72232bbb0dc4bab57ef88e75f6935",
                "sha256:edb1f041a9146dcf02cd7df7187db46ab524b9af2515f392f337c7cbbf5b52cd"
            ],
            "version": "==1.20.2"
        },
        "pandas": {
            "hashes": [
                "sha256:167693a80abc8eb28051fbd184c1b7afd13ce2c727a5af47b048f1ea3afefff4",
                "sha256:2111c25e69fa9365ba80bbf4f959400054b2771ac5d041ed19415a8b488dc70a",
                "sha256:298f0553fd3ba8e002c4070a723a59cdb28eda579f3e243bc2ee397773f5398b",
                "sha256:2b063d41803b6a19703b845609c0b700913593de067b552a8b24dd8eeb8c9895",
                "sha256:2cb7e8f4f152f27dc93f30b5c7a98f6c748601ea65da359af734dd0cf3fa733f",
                "sha256:52d2472acbb8a56819a87aafdb8b5b6d2b3386e15c95bde56b281882529a7ded",
                "sha256:612add929bf3ba9d27b436cc8853f5acc337242d6b584203f207e364bb46cb12",
                "sha256:649ecab692fade3cbfcf967ff936496b0cfba0af00a55dfaacd82bdda5cb2279",
                "sha256:68d7baa80c74aaacbed597265ca2308f017859123231542ff8a5266d489e1858",
                "sha256:8d4c74177c26aadcfb4fd1de6c1c43c2bf822b3e0fc7a9b409eeaf84b3e92aaa",
                "sha256:971e2a414fce20cc5331fe791153513d076814d30a60cd7348466943e6e909e4",
                "sha256:9db70ffa8b280bb4de83f9739d514cd0735825e79eef3a61d312420b9f16b758",
                "sha256:b730add5267f873b3383c18cac4df2527ac4f0f0eed1c6cf37fcb437e25cf558",
                "sha256:bd659c11a4578af740782288cac141a322057a2e36920016e0fc7b25c5a4b686",
                "sha256:c601c6fdebc729df4438ec1f62275d6136a0dd14d332fc0e8ce3f7d2aadb4dd6",
                "sha256:d0877407359811f7b853b548a614aacd7dea83b0c0c84620a9a643f180060950"
            ],
            "version": "==1.2.4"
        },
        "pyathena": {
            "extras": [
                "pandas"
            ],
            "hashes": [
                "sha256:47f642bdcf9009a43bdc0b2d32e85ed4b7dcecbddf1d2de34f116c03ef37c309",
                "sha256:a3472210cc94056e34125fdb59e44511892c7bc128b249a7c4e66c684a46d713"
            ],
            "index": "pypi",
            "version": "==1.7.1"
        },
        "pyathenajdbc": {
            "hashes": [
                "sha256:40dd9f71b00c2fe5c0e33b569e6a8cbb7f04dfaff87a101ff92548d57cfd15d9",
                "sha256:9404803f22fed8bce18a6171242140511ae7eb5fa716b7ca84bdf8bd4f04b3c5"
            ],
            "index": "pypi",
            "version": "==2.0.5"
        },
        "python-dateutil": {
            "hashes": [
                "sha256:73ebfe9dbf22e832286dafa60473e4cd239f8592f699aa5adaf10050e6e1823c",
                "sha256:75bb3f31ea686f1197762692a9ee6a7550b59fc6ca3a1f4b5d7e32fb98e2da2a"
            ],
            "version": "==2.8.1"
        },
        "pytz": {
            "hashes": [
                "sha256:83a4a90894bf38e243cf052c8b58f381bfe9a7a483f6a9cab140bc7f702ac4da",
                "sha256:eb10ce3e7736052ed3623d49975ce333bcd712c7bb19a58b9e2089d4057d0798"
            ],
            "version": "==2021.1"
        },
        "s3transfer": {
            "hashes": [
                "sha256:9b3752887a2880690ce628bc263d6d13a3864083aeacff4890c1c9839a5eb0bc",
                "sha256:cb022f4b16551edebbb31a377d3f09600dbada7363d8c5db7976e7f47732e1b2"
            ],
            "version": "==0.4.2"
        },
        "six": {
            "hashes": [
                "sha256:30639c035cdb23534cd4aa2dd52c3bf48f06e5f4a941509c8bafd8ce11080259",
                "sha256:8b74bedcbbbaca38ff6d7491d76f2b06b3592611af620f8426e82dddb04a5ced"
            ],
            "version": "==1.15.0"
        },
        "tenacity": {
            "hashes": [
                "sha256:5bd16ef5d3b985647fe28dfa6f695d343aa26479a04e8792b9d3c8f49e361ae1",
                "sha256:a0ce48587271515db7d3a5e700df9ae69cce98c4b57c23a4886da15243603dd8"
            ],
            "version": "==7.0.0"
        },
        "typing-extensions": {
            "hashes": [
                "sha256:7cb407020f00f7bfc3cb3e7881628838e69d8f3fcab2f64742a5e76b2f841918",
                "sha256:99d4073b617d30288f569d3f13d2bd7548c3a7e4c8de87db09a9d29bb3a4a60c",
                "sha256:dafc7639cde7f1b6e1acc0f457842a83e722ccca8eef5270af2d74792619a89f"
            ],
            "markers": "python_version < '3.8'",
            "version": "==3.7.4.3"
        },
        "urllib3": {
            "hashes": [
                "sha256:2f3db8b19923a873b3e5256dc9c2dedfa883e33d87c690d9c7913e1f40673cdc",
                "sha256:87716c2d2a7121198ebcb7ce7cccf6ce5e9ba539041cfbaeecfb641dc0bf6acc"
            ],
            "index": "pypi",
            "version": "==1.25.8"
        }
    },
    "develop": {}
}
